
Microsoft Visual Studio Solution File, Format Version 12.00
# Visual Studio Version 17
VisualStudioVersion = 17.1.32407.343
MinimumVisualStudioVersion = 10.0.40219.1
Project("{9A19103F-16F7-4668-BE54-9A1E7A4F7556}") = "RainbowTaskbar", "RainbowTaskbar\RainbowTaskbar.csproj", "{03366AEB-0D3C-453B-BB5F-50DFB417D325}"
EndProject
Project("{8BC9CEB8-8B4A-11D0-8D11-00A0C91BC942}") = "RainbowTaskbarDLL", "RainbowTaskbarDLL\RainbowTaskbarDLL.vcxproj", "{3FF5D07D-44D1-4B85-9465-4793B3A9EE8A}"
EndProject
Project("{C7167F0D-BC9F-4E6E-AFE1-012C56B48DB5}") = "MSIXPkg2", "MSIXPkg2\MSIXPkg2.wapproj", "{EEAF81A9-BB63-40D9-A733-7F25D2313DF5}"
EndProject
Global
	GlobalSection(SolutionConfigurationPlatforms) = preSolution
		Debug|ARM64 = Debug|ARM64
		Debug|x64 = Debug|x64
		Debug|x86 = Debug|x86
		Release (MSIX)|ARM64 = Release (MSIX)|ARM64
		Release (MSIX)|x64 = Release (MSIX)|x64
		Release (MSIX)|x86 = Release (MSIX)|x86
		Release|ARM64 = Release|ARM64
		Release|x64 = Release|x64
		Release|x86 = Release|x86
	EndGlobalSection
	GlobalSection(ProjectConfigurationPlatforms) = postSolution
		{03366AEB-0D3C-453B-BB5F-50DFB417D325}.Debug|ARM64.ActiveCfg = Debug|ARM64
		{03366AEB-0D3C-453B-BB5F-50DFB417D325}.Debug|ARM64.Build.0 = Debug|ARM64
		{03366AEB-0D3C-453B-BB5F-50DFB417D325}.Debug|x64.ActiveCfg = Debug|x64
		{03366AEB-0D3C-453B-BB5F-50DFB417D325}.Debug|x64.Build.0 = Debug|x64
		{03366AEB-0D3C-453B-BB5F-50DFB417D325}.Debug|x86.ActiveCfg = Debug|x86
		{03366AEB-0D3C-453B-BB5F-50DFB417D325}.Debug|x86.Build.0 = Debug|x86
		{03366AEB-0D3C-453B-BB5F-50DFB417D325}.Release (MSIX)|ARM64.ActiveCfg = Release (MSIX)|ARM64
		{03366AEB-0D3C-453B-BB5F-50DFB417D325}.Release (MSIX)|ARM64.Build.0 = Release (MSIX)|ARM64
		{03366AEB-0D3C-453B-BB5F-50DFB417D325}.Release (MSIX)|x64.ActiveCfg = Release (MSIX)|x64
		{03366AEB-0D3C-453B-BB5F-50DFB417D325}.Release (MSIX)|x64.Build.0 = Release (MSIX)|x64
		{03366AEB-0D3C-453B-BB5F-50DFB417D325}.Release (MSIX)|x86.ActiveCfg = Release (MSIX)|x86
		{03366AEB-0D3C-453B-BB5F-50DFB417D325}.Release (MSIX)|x86.Build.0 = Release (MSIX)|x86
		{03366AEB-0D3C-453B-BB5F-50DFB417D325}.Release|ARM64.ActiveCfg = Release|ARM64
		{03366AEB-0D3C-453B-BB5F-50DFB417D325}.Release|ARM64.Build.0 = Release|ARM64
		{03366AEB-0D3C-453B-BB5F-50DFB417D325}.Release|x64.ActiveCfg = Release|x64
		{03366AEB-0D3C-453B-BB5F-50DFB417D325}.Release|x64.Build.0 = Release|x64
		{03366AEB-0D3C-453B-BB5F-50DFB417D325}.Release|x86.ActiveCfg = Release|x86
		{03366AEB-0D3C-453B-BB5F-50DFB417D325}.Release|x86.Build.0 = Release|x86
		{3FF5D07D-44D1-4B85-9465-4793B3A9EE8A}.Debug|ARM64.ActiveCfg = Debug|ARM64
		{3FF5D07D-44D1-4B85-9465-4793B3A9EE8A}.Debug|ARM64.Build.0 = Debug|ARM64
		{3FF5D07D-44D1-4B85-9465-4793B3A9EE8A}.Debug|x64.ActiveCfg = Debug|x64
		{3FF5D07D-44D1-4B85-9465-4793B3A9EE8A}.Debug|x64.Build.0 = Debug|x64
		{3FF5D07D-44D1-4B85-9465-4793B3A9EE8A}.Debug|x86.ActiveCfg = Debug|Win32
		{3FF5D07D-44D1-4B85-9465-4793B3A9EE8A}.Debug|x86.Build.0 = Debug|Win32
		{3FF5D07D-44D1-4B85-9465-4793B3A9EE8A}.Release (MSIX)|ARM64.ActiveCfg = Release|ARM64
		{3FF5D07D-44D1-4B85-9465-4793B3A9EE8A}.Release (MSIX)|ARM64.Build.0 = Release|ARM64
		{3FF5D07D-44D1-4B85-9465-4793B3A9EE8A}.Release (MSIX)|x64.ActiveCfg = Release|x64
		{3FF5D07D-44D1-4B85-9465-4793B3A9EE8A}.Release (MSIX)|x64.Build.0 = Release|x64
		{3FF5D07D-44D1-4B85-9465-4793B3A9EE8A}.Release (MSIX)|x86.ActiveCfg = Release (MSIX)|Win32
		{3FF5D07D-44D1-4B85-9465-4793B3A9EE8A}.Release (MSIX)|x86.Build.0 = Release (MSIX)|Win32
		{3FF5D07D-44D1-4B85-9465-4793B3A9EE8A}.Release|ARM64.ActiveCfg = Release|ARM64
		{3FF5D07D-44D1-4B85-9465-4793B3A9EE8A}.Release|ARM64.Build.0 = Release|ARM64
		{3FF5D07D-44D1-4B85-9465-4793B3A9EE8A}.Release|x64.ActiveCfg = Release|x64
		{3FF5D07D-44D1-4B85-9465-4793B3A9EE8A}.Release|x64.Build.0 = Release|x64
		{3FF5D07D-44D1-4B85-9465-4793B3A9EE8A}.Release|x86.ActiveCfg = Release|Win32
		{3FF5D07D-44D1-4B85-9465-4793B3A9EE8A}.Release|x86.Build.0 = Release|Win32
		{EEAF81A9-BB63-40D9-A733-7F25D2313DF5}.Debug|ARM64.ActiveCfg = Debug|ARM64
		{EEAF81A9-BB63-40D9-A733-7F25D2313DF5}.Debug|ARM64.Build.0 = Debug|ARM64
		{EEAF81A9-BB63-40D9-A733-7F25D2313DF5}.Debug|ARM64.Deploy.0 = Debug|ARM64
		{EEAF81A9-BB63-40D9-A733-7F25D2313DF5}.Debug|x64.ActiveCfg = Debug|x64
		{EEAF81A9-BB63-40D9-A733-7F25D2313DF5}.Debug|x64.Build.0 = Debug|x64
		{EEAF81A9-BB63-40D9-A733-7F25D2313DF5}.Debug|x64.Deploy.0 = Debug|x64
		{EEAF81A9-BB63-40D9-A733-7F25D2313DF5}.Debug|x86.ActiveCfg = Debug|x86
		{EEAF81A9-BB63-40D9-A733-7F25D2313DF5}.Debug|x86.Build.0 = Debug|x86
		{EEAF81A9-BB63-40D9-A733-7F25D2313DF5}.Debug|x86.Deploy.0 = Debug|x86
		{EEAF81A9-BB63-40D9-A733-7F25D2313DF5}.Release (MSIX)|ARM64.ActiveCfg = Release (MSIX)|ARM64
		{EEAF81A9-BB63-40D9-A733-7F25D2313DF5}.Release (MSIX)|ARM64.Build.0 = Release (MSIX)|ARM64
		{EEAF81A9-BB63-40D9-A733-7F25D2313DF5}.Release (MSIX)|ARM64.Deploy.0 = Release (MSIX)|ARM64
		{EEAF81A9-BB63-40D9-A733-7F25D2313DF5}.Release (MSIX)|x64.ActiveCfg = Release (MSIX)|x64
		{EEAF81A9-BB63-40D9-A733-7F25D2313DF5}.Release (MSIX)|x64.Build.0 = Release (MSIX)|x64
		{EEAF81A9-BB63-40D9-A733-7F25D2313DF5}.Release (MSIX)|x64.Deploy.0 = Release (MSIX)|x64
		{EEAF81A9-BB63-40D9-A733-7F25D2313DF5}.Release (MSIX)|x86.ActiveCfg = Release (MSIX)|x86
		{EEAF81A9-BB63-40D9-A733-7F25D2313DF5}.Release (MSIX)|x86.Build.0 = Release (MSIX)|x86
		{EEAF81A9-BB63-40D9-A733-7F25D2313DF5}.Release (MSIX)|x86.Deploy.0 = Release (MSIX)|x86
		{EEAF81A9-BB63-40D9-A733-7F25D2313DF5}.Release|ARM64.ActiveCfg = Release|ARM64
		{EEAF81A9-BB63-40D9-A733-7F25D2313DF5}.Release|ARM64.Build.0 = Release|ARM64
		{EEAF81A9-BB63-40D9-A733-7F25D2313DF5}.Release|ARM64.Deploy.0 = Release|ARM64
		{EEAF81A9-BB63-40D9-A733-7F25D2313DF5}.Release|x64.ActiveCfg = Release (MSIX)|x64
		{EEAF81A9-BB63-40D9-A733-7F25D2313DF5}.Release|x64.Build.0 = Release (MSIX)|x64
		{EEAF81A9-BB63-40D9-A733-7F25D2313DF5}.Release|x64.Deploy.0 = Release (MSIX)|x64
		{EEAF81A9-BB63-40D9-A733-7F25D2313DF5}.Release|x86.ActiveCfg = Release|x86
		{EEAF81A9-BB63-40D9-A733-7F25D2313DF5}.Release|x86.Build.0 = Release|x86
		{EEAF81A9-BB63-40D9-A733-7F25D2313DF5}.Release|x86.Deploy.0 = Release|x86
	EndGlobalSection
	GlobalSection(SolutionProperties) = preSolution
		HideSolutionNode = FALSE
	EndGlobalSection
	GlobalSection(ExtensibilityGlobals) = postSolution
		SolutionGuid = {C4E67E8A-1256-45FB-8FC7-156FD12B1E62}
	EndGlobalSection
EndGlobal
