
Microsoft Visual Studio Solution File, Format Version 12.00
# Visual Studio Version 17
VisualStudioVersion = 17.1.32407.343
MinimumVisualStudioVersion = 10.0.40219.1
Project("{9A19103F-16F7-4668-BE54-9A1E7A4F7556}") = "RainbowTaskbar", "RainbowTaskbar\RainbowTaskbar.csproj", "{03366AEB-0D3C-453B-BB5F-50DFB417D325}"
EndProject
Project("{8BC9CEB8-8B4A-11D0-8D11-00A0C91BC942}") = "RainbowTaskbarDLL", "RainbowTaskbarDLL\RainbowTaskbarDLL.vcxproj", "{3FF5D07D-44D1-4B85-9465-4793B3A9EE8A}"
EndProject
Project("{54435603-DBB4-11D2-8724-00A0C9A8B90C}") = "Setup", "Setup\Setup.vdproj", "{AEC3EA75-B0F5-4B22-A8D1-0A67D7DB666A}"
EndProject
Project("{54435603-DBB4-11D2-8724-00A0C9A8B90C}") = "SetupX86", "SetupX86\SetupX86.vdproj", "{C68DE6E9-886C-406B-BF27-2646B68897EA}"
EndProject
Project("{C7167F0D-BC9F-4E6E-AFE1-012C56B48DB5}") = "MSIXPkg2", "MSIXPkg2\MSIXPkg2.wapproj", "{EEAF81A9-BB63-40D9-A733-7F25D2313DF5}"
EndProject
Global
	GlobalSection(SolutionConfigurationPlatforms) = preSolution
		Debug|Any CPU = Debug|Any CPU
		Debug|ARM = Debug|ARM
		Debug|ARM64 = Debug|ARM64
		Debug|x64 = Debug|x64
		Debug|x86 = Debug|x86
		Release (MSIX)|Any CPU = Release (MSIX)|Any CPU
		Release (MSIX)|ARM = Release (MSIX)|ARM
		Release (MSIX)|ARM64 = Release (MSIX)|ARM64
		Release (MSIX)|x64 = Release (MSIX)|x64
		Release (MSIX)|x86 = Release (MSIX)|x86
		Release|Any CPU = Release|Any CPU
		Release|ARM = Release|ARM
		Release|ARM64 = Release|ARM64
		Release|x64 = Release|x64
		Release|x86 = Release|x86
	EndGlobalSection
	GlobalSection(ProjectConfigurationPlatforms) = postSolution
		{03366AEB-0D3C-453B-BB5F-50DFB417D325}.Debug|Any CPU.ActiveCfg = Debug|Any CPU
		{03366AEB-0D3C-453B-BB5F-50DFB417D325}.Debug|Any CPU.Build.0 = Debug|Any CPU
		{03366AEB-0D3C-453B-BB5F-50DFB417D325}.Debug|ARM.ActiveCfg = Debug|Any CPU
		{03366AEB-0D3C-453B-BB5F-50DFB417D325}.Debug|ARM.Build.0 = Debug|Any CPU
		{03366AEB-0D3C-453B-BB5F-50DFB417D325}.Debug|ARM64.ActiveCfg = Debug|Any CPU
		{03366AEB-0D3C-453B-BB5F-50DFB417D325}.Debug|ARM64.Build.0 = Debug|Any CPU
		{03366AEB-0D3C-453B-BB5F-50DFB417D325}.Debug|x64.ActiveCfg = Debug|x64
		{03366AEB-0D3C-453B-BB5F-50DFB417D325}.Debug|x64.Build.0 = Debug|x64
		{03366AEB-0D3C-453B-BB5F-50DFB417D325}.Debug|x86.ActiveCfg = Debug|x86
		{03366AEB-0D3C-453B-BB5F-50DFB417D325}.Debug|x86.Build.0 = Debug|x86
		{03366AEB-0D3C-453B-BB5F-50DFB417D325}.Release (MSIX)|Any CPU.ActiveCfg = Release (MSIX)|Any CPU
		{03366AEB-0D3C-453B-BB5F-50DFB417D325}.Release (MSIX)|Any CPU.Build.0 = Release (MSIX)|Any CPU
		{03366AEB-0D3C-453B-BB5F-50DFB417D325}.Release (MSIX)|ARM.ActiveCfg = Release (MSIX)|Any CPU
		{03366AEB-0D3C-453B-BB5F-50DFB417D325}.Release (MSIX)|ARM.Build.0 = Release (MSIX)|Any CPU
		{03366AEB-0D3C-453B-BB5F-50DFB417D325}.Release (MSIX)|ARM64.ActiveCfg = Release (MSIX)|Any CPU
		{03366AEB-0D3C-453B-BB5F-50DFB417D325}.Release (MSIX)|ARM64.Build.0 = Release (MSIX)|Any CPU
		{03366AEB-0D3C-453B-BB5F-50DFB417D325}.Release (MSIX)|x64.ActiveCfg = Release (MSIX)|x64
		{03366AEB-0D3C-453B-BB5F-50DFB417D325}.Release (MSIX)|x64.Build.0 = Release (MSIX)|x64
		{03366AEB-0D3C-453B-BB5F-50DFB417D325}.Release (MSIX)|x86.ActiveCfg = Release (MSIX)|x86
		{03366AEB-0D3C-453B-BB5F-50DFB417D325}.Release (MSIX)|x86.Build.0 = Release (MSIX)|x86
		{03366AEB-0D3C-453B-BB5F-50DFB417D325}.Release|Any CPU.ActiveCfg = Release|Any CPU
		{03366AEB-0D3C-453B-BB5F-50DFB417D325}.Release|Any CPU.Build.0 = Release|Any CPU
		{03366AEB-0D3C-453B-BB5F-50DFB417D325}.Release|ARM.ActiveCfg = Release|Any CPU
		{03366AEB-0D3C-453B-BB5F-50DFB417D325}.Release|ARM.Build.0 = Release|Any CPU
		{03366AEB-0D3C-453B-BB5F-50DFB417D325}.Release|ARM64.ActiveCfg = Release|Any CPU
		{03366AEB-0D3C-453B-BB5F-50DFB417D325}.Release|ARM64.Build.0 = Release|Any CPU
		{03366AEB-0D3C-453B-BB5F-50DFB417D325}.Release|x64.ActiveCfg = Release|x64
		{03366AEB-0D3C-453B-BB5F-50DFB417D325}.Release|x64.Build.0 = Release|x64
		{03366AEB-0D3C-453B-BB5F-50DFB417D325}.Release|x86.ActiveCfg = Release|x86
		{03366AEB-0D3C-453B-BB5F-50DFB417D325}.Release|x86.Build.0 = Release|x86
		{3FF5D07D-44D1-4B85-9465-4793B3A9EE8A}.Debug|Any CPU.ActiveCfg = Debug|Win32
		{3FF5D07D-44D1-4B85-9465-4793B3A9EE8A}.Debug|Any CPU.Build.0 = Debug|Win32
		{3FF5D07D-44D1-4B85-9465-4793B3A9EE8A}.Debug|ARM.ActiveCfg = Debug|x64
		{3FF5D07D-44D1-4B85-9465-4793B3A9EE8A}.Debug|ARM.Build.0 = Debug|x64
		{3FF5D07D-44D1-4B85-9465-4793B3A9EE8A}.Debug|ARM64.ActiveCfg = Debug|x64
		{3FF5D07D-44D1-4B85-9465-4793B3A9EE8A}.Debug|ARM64.Build.0 = Debug|x64
		{3FF5D07D-44D1-4B85-9465-4793B3A9EE8A}.Debug|x64.ActiveCfg = Debug|x64
		{3FF5D07D-44D1-4B85-9465-4793B3A9EE8A}.Debug|x64.Build.0 = Debug|x64
		{3FF5D07D-44D1-4B85-9465-4793B3A9EE8A}.Debug|x86.ActiveCfg = Debug|Win32
		{3FF5D07D-44D1-4B85-9465-4793B3A9EE8A}.Debug|x86.Build.0 = Debug|Win32
		{3FF5D07D-44D1-4B85-9465-4793B3A9EE8A}.Release (MSIX)|Any CPU.ActiveCfg = Release (MSIX)|x64
		{3FF5D07D-44D1-4B85-9465-4793B3A9EE8A}.Release (MSIX)|Any CPU.Build.0 = Release (MSIX)|x64
		{3FF5D07D-44D1-4B85-9465-4793B3A9EE8A}.Release (MSIX)|ARM.ActiveCfg = Release (MSIX)|x64
		{3FF5D07D-44D1-4B85-9465-4793B3A9EE8A}.Release (MSIX)|ARM.Build.0 = Release (MSIX)|x64
		{3FF5D07D-44D1-4B85-9465-4793B3A9EE8A}.Release (MSIX)|ARM64.ActiveCfg = Release (MSIX)|x64
		{3FF5D07D-44D1-4B85-9465-4793B3A9EE8A}.Release (MSIX)|ARM64.Build.0 = Release (MSIX)|x64
		{3FF5D07D-44D1-4B85-9465-4793B3A9EE8A}.Release (MSIX)|x64.ActiveCfg = Release (MSIX)|x64
		{3FF5D07D-44D1-4B85-9465-4793B3A9EE8A}.Release (MSIX)|x64.Build.0 = Release (MSIX)|x64
		{3FF5D07D-44D1-4B85-9465-4793B3A9EE8A}.Release (MSIX)|x86.ActiveCfg = Release (MSIX)|Win32
		{3FF5D07D-44D1-4B85-9465-4793B3A9EE8A}.Release (MSIX)|x86.Build.0 = Release (MSIX)|Win32
		{3FF5D07D-44D1-4B85-9465-4793B3A9EE8A}.Release|Any CPU.ActiveCfg = Release|Win32
		{3FF5D07D-44D1-4B85-9465-4793B3A9EE8A}.Release|Any CPU.Build.0 = Release|Win32
		{3FF5D07D-44D1-4B85-9465-4793B3A9EE8A}.Release|ARM.ActiveCfg = Release|x64
		{3FF5D07D-44D1-4B85-9465-4793B3A9EE8A}.Release|ARM.Build.0 = Release|x64
		{3FF5D07D-44D1-4B85-9465-4793B3A9EE8A}.Release|ARM64.ActiveCfg = Release|x64
		{3FF5D07D-44D1-4B85-9465-4793B3A9EE8A}.Release|ARM64.Build.0 = Release|x64
		{3FF5D07D-44D1-4B85-9465-4793B3A9EE8A}.Release|x64.ActiveCfg = Release|x64
		{3FF5D07D-44D1-4B85-9465-4793B3A9EE8A}.Release|x64.Build.0 = Release|x64
		{3FF5D07D-44D1-4B85-9465-4793B3A9EE8A}.Release|x86.ActiveCfg = Release|Win32
		{3FF5D07D-44D1-4B85-9465-4793B3A9EE8A}.Release|x86.Build.0 = Release|Win32
		{AEC3EA75-B0F5-4B22-A8D1-0A67D7DB666A}.Debug|Any CPU.ActiveCfg = Debug
		{AEC3EA75-B0F5-4B22-A8D1-0A67D7DB666A}.Debug|ARM.ActiveCfg = Debug
		{AEC3EA75-B0F5-4B22-A8D1-0A67D7DB666A}.Debug|ARM.Build.0 = Debug
		{AEC3EA75-B0F5-4B22-A8D1-0A67D7DB666A}.Debug|ARM64.ActiveCfg = Debug
		{AEC3EA75-B0F5-4B22-A8D1-0A67D7DB666A}.Debug|ARM64.Build.0 = Debug
		{AEC3EA75-B0F5-4B22-A8D1-0A67D7DB666A}.Debug|x64.ActiveCfg = Debug
		{AEC3EA75-B0F5-4B22-A8D1-0A67D7DB666A}.Debug|x86.ActiveCfg = Debug
		{AEC3EA75-B0F5-4B22-A8D1-0A67D7DB666A}.Release (MSIX)|Any CPU.ActiveCfg = Release (MSIX)
		{AEC3EA75-B0F5-4B22-A8D1-0A67D7DB666A}.Release (MSIX)|ARM.ActiveCfg = Release (MSIX)
		{AEC3EA75-B0F5-4B22-A8D1-0A67D7DB666A}.Release (MSIX)|ARM.Build.0 = Release (MSIX)
		{AEC3EA75-B0F5-4B22-A8D1-0A67D7DB666A}.Release (MSIX)|ARM64.ActiveCfg = Release (MSIX)
		{AEC3EA75-B0F5-4B22-A8D1-0A67D7DB666A}.Release (MSIX)|ARM64.Build.0 = Release (MSIX)
		{AEC3EA75-B0F5-4B22-A8D1-0A67D7DB666A}.Release (MSIX)|x64.ActiveCfg = Release (MSIX)
		{AEC3EA75-B0F5-4B22-A8D1-0A67D7DB666A}.Release (MSIX)|x64.Build.0 = Release (MSIX)
		{AEC3EA75-B0F5-4B22-A8D1-0A67D7DB666A}.Release (MSIX)|x86.ActiveCfg = Release (MSIX)
		{AEC3EA75-B0F5-4B22-A8D1-0A67D7DB666A}.Release (MSIX)|x86.Build.0 = Release (MSIX)
		{AEC3EA75-B0F5-4B22-A8D1-0A67D7DB666A}.Release|Any CPU.ActiveCfg = Release
		{AEC3EA75-B0F5-4B22-A8D1-0A67D7DB666A}.Release|ARM.ActiveCfg = Release
		{AEC3EA75-B0F5-4B22-A8D1-0A67D7DB666A}.Release|ARM.Build.0 = Release
		{AEC3EA75-B0F5-4B22-A8D1-0A67D7DB666A}.Release|ARM64.ActiveCfg = Release
		{AEC3EA75-B0F5-4B22-A8D1-0A67D7DB666A}.Release|ARM64.Build.0 = Release
		{AEC3EA75-B0F5-4B22-A8D1-0A67D7DB666A}.Release|x64.ActiveCfg = Release
		{AEC3EA75-B0F5-4B22-A8D1-0A67D7DB666A}.Release|x86.ActiveCfg = Release
		{C68DE6E9-886C-406B-BF27-2646B68897EA}.Debug|Any CPU.ActiveCfg = Debug
		{C68DE6E9-886C-406B-BF27-2646B68897EA}.Debug|ARM.ActiveCfg = Debug
		{C68DE6E9-886C-406B-BF27-2646B68897EA}.Debug|ARM.Build.0 = Debug
		{C68DE6E9-886C-406B-BF27-2646B68897EA}.Debug|ARM64.ActiveCfg = Debug
		{C68DE6E9-886C-406B-BF27-2646B68897EA}.Debug|ARM64.Build.0 = Debug
		{C68DE6E9-886C-406B-BF27-2646B68897EA}.Debug|x64.ActiveCfg = Debug
		{C68DE6E9-886C-406B-BF27-2646B68897EA}.Debug|x86.ActiveCfg = Debug
		{C68DE6E9-886C-406B-BF27-2646B68897EA}.Release (MSIX)|Any CPU.ActiveCfg = Release (MSIX)
		{C68DE6E9-886C-406B-BF27-2646B68897EA}.Release (MSIX)|ARM.ActiveCfg = Release (MSIX)
		{C68DE6E9-886C-406B-BF27-2646B68897EA}.Release (MSIX)|ARM.Build.0 = Release (MSIX)
		{C68DE6E9-886C-406B-BF27-2646B68897EA}.Release (MSIX)|ARM64.ActiveCfg = Release (MSIX)
		{C68DE6E9-886C-406B-BF27-2646B68897EA}.Release (MSIX)|ARM64.Build.0 = Release (MSIX)
		{C68DE6E9-886C-406B-BF27-2646B68897EA}.Release (MSIX)|x64.ActiveCfg = Release (MSIX)
		{C68DE6E9-886C-406B-BF27-2646B68897EA}.Release (MSIX)|x64.Build.0 = Release (MSIX)
		{C68DE6E9-886C-406B-BF27-2646B68897EA}.Release (MSIX)|x86.ActiveCfg = Release (MSIX)
		{C68DE6E9-886C-406B-BF27-2646B68897EA}.Release (MSIX)|x86.Build.0 = Release (MSIX)
		{C68DE6E9-886C-406B-BF27-2646B68897EA}.Release|Any CPU.ActiveCfg = Release
		{C68DE6E9-886C-406B-BF27-2646B68897EA}.Release|ARM.ActiveCfg = Release
		{C68DE6E9-886C-406B-BF27-2646B68897EA}.Release|ARM.Build.0 = Release
		{C68DE6E9-886C-406B-BF27-2646B68897EA}.Release|ARM64.ActiveCfg = Release
		{C68DE6E9-886C-406B-BF27-2646B68897EA}.Release|ARM64.Build.0 = Release
		{C68DE6E9-886C-406B-BF27-2646B68897EA}.Release|x64.ActiveCfg = Release
		{C68DE6E9-886C-406B-BF27-2646B68897EA}.Release|x86.ActiveCfg = Release
		{EEAF81A9-BB63-40D9-A733-7F25D2313DF5}.Debug|Any CPU.ActiveCfg = Debug|Any CPU
		{EEAF81A9-BB63-40D9-A733-7F25D2313DF5}.Debug|Any CPU.Build.0 = Debug|Any CPU
		{EEAF81A9-BB63-40D9-A733-7F25D2313DF5}.Debug|Any CPU.Deploy.0 = Debug|Any CPU
		{EEAF81A9-BB63-40D9-A733-7F25D2313DF5}.Debug|ARM.ActiveCfg = Debug|ARM
		{EEAF81A9-BB63-40D9-A733-7F25D2313DF5}.Debug|ARM.Build.0 = Debug|ARM
		{EEAF81A9-BB63-40D9-A733-7F25D2313DF5}.Debug|ARM.Deploy.0 = Debug|ARM
		{EEAF81A9-BB63-40D9-A733-7F25D2313DF5}.Debug|ARM64.ActiveCfg = Debug|ARM64
		{EEAF81A9-BB63-40D9-A733-7F25D2313DF5}.Debug|ARM64.Build.0 = Debug|ARM64
		{EEAF81A9-BB63-40D9-A733-7F25D2313DF5}.Debug|ARM64.Deploy.0 = Debug|ARM64
		{EEAF81A9-BB63-40D9-A733-7F25D2313DF5}.Debug|x64.ActiveCfg = Debug|x64
		{EEAF81A9-BB63-40D9-A733-7F25D2313DF5}.Debug|x64.Build.0 = Debug|x64
		{EEAF81A9-BB63-40D9-A733-7F25D2313DF5}.Debug|x64.Deploy.0 = Debug|x64
		{EEAF81A9-BB63-40D9-A733-7F25D2313DF5}.Debug|x86.ActiveCfg = Debug|x86
		{EEAF81A9-BB63-40D9-A733-7F25D2313DF5}.Debug|x86.Build.0 = Debug|x86
		{EEAF81A9-BB63-40D9-A733-7F25D2313DF5}.Debug|x86.Deploy.0 = Debug|x86
		{EEAF81A9-BB63-40D9-A733-7F25D2313DF5}.Release (MSIX)|Any CPU.ActiveCfg = Release (MSIX)|Any CPU
		{EEAF81A9-BB63-40D9-A733-7F25D2313DF5}.Release (MSIX)|Any CPU.Build.0 = Release (MSIX)|Any CPU
		{EEAF81A9-BB63-40D9-A733-7F25D2313DF5}.Release (MSIX)|Any CPU.Deploy.0 = Release (MSIX)|Any CPU
		{EEAF81A9-BB63-40D9-A733-7F25D2313DF5}.Release (MSIX)|ARM.ActiveCfg = Release (MSIX)|ARM
		{EEAF81A9-BB63-40D9-A733-7F25D2313DF5}.Release (MSIX)|ARM.Build.0 = Release (MSIX)|ARM
		{EEAF81A9-BB63-40D9-A733-7F25D2313DF5}.Release (MSIX)|ARM.Deploy.0 = Release (MSIX)|ARM
		{EEAF81A9-BB63-40D9-A733-7F25D2313DF5}.Release (MSIX)|ARM64.ActiveCfg = Release (MSIX)|ARM64
		{EEAF81A9-BB63-40D9-A733-7F25D2313DF5}.Release (MSIX)|ARM64.Build.0 = Release (MSIX)|ARM64
		{EEAF81A9-BB63-40D9-A733-7F25D2313DF5}.Release (MSIX)|ARM64.Deploy.0 = Release (MSIX)|ARM64
		{EEAF81A9-BB63-40D9-A733-7F25D2313DF5}.Release (MSIX)|x64.ActiveCfg = Release (MSIX)|x64
		{EEAF81A9-BB63-40D9-A733-7F25D2313DF5}.Release (MSIX)|x64.Build.0 = Release (MSIX)|x64
		{EEAF81A9-BB63-40D9-A733-7F25D2313DF5}.Release (MSIX)|x64.Deploy.0 = Release (MSIX)|x64
		{EEAF81A9-BB63-40D9-A733-7F25D2313DF5}.Release (MSIX)|x86.ActiveCfg = Release (MSIX)|x86
		{EEAF81A9-BB63-40D9-A733-7F25D2313DF5}.Release (MSIX)|x86.Build.0 = Release (MSIX)|x86
		{EEAF81A9-BB63-40D9-A733-7F25D2313DF5}.Release (MSIX)|x86.Deploy.0 = Release (MSIX)|x86
		{EEAF81A9-BB63-40D9-A733-7F25D2313DF5}.Release|Any CPU.ActiveCfg = Release|Any CPU
		{EEAF81A9-BB63-40D9-A733-7F25D2313DF5}.Release|Any CPU.Build.0 = Release|Any CPU
		{EEAF81A9-BB63-40D9-A733-7F25D2313DF5}.Release|Any CPU.Deploy.0 = Release|Any CPU
		{EEAF81A9-BB63-40D9-A733-7F25D2313DF5}.Release|ARM.ActiveCfg = Release|ARM
		{EEAF81A9-BB63-40D9-A733-7F25D2313DF5}.Release|ARM.Build.0 = Release|ARM
		{EEAF81A9-BB63-40D9-A733-7F25D2313DF5}.Release|ARM.Deploy.0 = Release|ARM
		{EEAF81A9-BB63-40D9-A733-7F25D2313DF5}.Release|ARM64.ActiveCfg = Release|ARM64
		{EEAF81A9-BB63-40D9-A733-7F25D2313DF5}.Release|ARM64.Build.0 = Release|ARM64
		{EEAF81A9-BB63-40D9-A733-7F25D2313DF5}.Release|ARM64.Deploy.0 = Release|ARM64
		{EEAF81A9-BB63-40D9-A733-7F25D2313DF5}.Release|x64.ActiveCfg = Release (MSIX)|x64
		{EEAF81A9-BB63-40D9-A733-7F25D2313DF5}.Release|x64.Build.0 = Release (MSIX)|x64
		{EEAF81A9-BB63-40D9-A733-7F25D2313DF5}.Release|x64.Deploy.0 = Release (MSIX)|x64
		{EEAF81A9-BB63-40D9-A733-7F25D2313DF5}.Release|x86.ActiveCfg = Release|x86
		{EEAF81A9-BB63-40D9-A733-7F25D2313DF5}.Release|x86.Build.0 = Release|x86
		{EEAF81A9-BB63-40D9-A733-7F25D2313DF5}.Release|x86.Deploy.0 = Release|x86
	EndGlobalSection
	GlobalSection(SolutionProperties) = preSolution
		HideSolutionNode = FALSE
	EndGlobalSection
	GlobalSection(ExtensibilityGlobals) = postSolution
		SolutionGuid = {C4E67E8A-1256-45FB-8FC7-156FD12B1E62}
	EndGlobalSection
EndGlobal
